{
  "name": "vivino",
  "version": "1.0.0",
  "lockfileVersion": 1,
  "requires": true,
  "dependencies": {
    "clean-css": {
      "version": "4.1.9",
      "resolved": "https://registry.npmjs.org/clean-css/-/clean-css-4.1.9.tgz",
      "integrity": "sha1-Nc7ornaHpJuYA09w3gDE7dOCYwE=",
      "dev": true,
      "requires": {
        "source-map": "0.5.7"
      }
    },
    "debug": {
      "version": "3.1.0",
      "resolved": "https://registry.npmjs.org/debug/-/debug-3.1.0.tgz",
      "integrity": "sha512-OX8XqP7/1a9cqkxYw2yXss15f26NKWBpDXQd0/uK/KPqdQhxbPa994hnzjcE2VqQpDslf55723cKPUOGSmMY3g==",
      "dev": true,
      "requires": {
        "ms": "2.0.0"
      }
    },
    "ms": {
      "version": "2.0.0",
      "resolved": "https://registry.npmjs.org/ms/-/ms-2.0.0.tgz",
      "integrity": "sha1-VgiurfwAvmwpAd9fmGF4jeDVl8g=",
      "dev": true
    },
    "react-lazyload": {
      "version": "2.3.0",
      "resolved": "https://registry.npmjs.org/react-lazyload/-/react-lazyload-2.3.0.tgz",
      "integrity": "sha512-0z3qmL+qtSERdfKFpn0yKXm+1Gg1ZLZBXnCzHhSGiu1L8iDARuCkbOypxEx9+ETxZvMnXj98xvWCs5jyXTuM2w=="
    },
    "source-map": {
      "version": "0.5.7",
      "resolved": "https://registry.npmjs.org/source-map/-/source-map-0.5.7.tgz",
      "integrity": "sha1-igOdLRAh0i0eoUyA2OpGi6LvP8w=",
      "dev": true
    },
    "style-ext-html-webpack-plugin": {
      "version": "3.4.7",
      "resolved": "https://registry.npmjs.org/style-ext-html-webpack-plugin/-/style-ext-html-webpack-plugin-3.4.7.tgz",
      "integrity": "sha512-LitLqFllrrvUbe5X6u3eEJkAvr/wNhuuNV8XwbZ9noQ6joUJ5abo9+eJ/rYORuS249YHMoLA2KNvfXnM6VPlMg==",
      "dev": true,
      "requires": {
        "clean-css": "4.1.9",
        "debug": "3.1.0"
      }
    }
  }
}
